
Microsoft Visual Studio Solution File, Format Version 12.00
# Visual Studio Version 16
VisualStudioVersion = 16.0.29209.62
MinimumVisualStudioVersion = 10.0.40219.1
Project("{FAE04EC0-301F-11D3-BF4B-00C04F79EFBC}") = "SimpleSchool", "SimpleSchool\SimpleSchool.csproj", "{D82D6400-7B93-4D95-B402-B08293BFE343}"
EndProject
Project("{FAE04EC0-301F-11D3-BF4B-00C04F79EFBC}") = "ChinookSystem", "ChinookSystem\ChinookSystem.csproj", "{9AB9945A-8DDF-49D1-A1F0-9A249F4D6F46}"
EndProject
Global
	GlobalSection(SolutionConfigurationPlatforms) = preSolution
		Debug|Any CPU = Debug|Any CPU
		Release|Any CPU = Release|Any CPU
	EndGlobalSection
	GlobalSection(ProjectConfigurationPlatforms) = postSolution
		{D82D6400-7B93-4D95-B402-B08293BFE343}.Debug|Any CPU.ActiveCfg = Debug|Any CPU
		{D82D6400-7B93-4D95-B402-B08293BFE343}.Debug|Any CPU.Build.0 = Debug|Any CPU
		{D82D6400-7B93-4D95-B402-B08293BFE343}.Release|Any CPU.ActiveCfg = Release|Any CPU
		{D82D6400-7B93-4D95-B402-B08293BFE343}.Release|Any CPU.Build.0 = Release|Any CPU
		{9AB9945A-8DDF-49D1-A1F0-9A249F4D6F46}.Debug|Any CPU.ActiveCfg = Debug|Any CPU
		{9AB9945A-8DDF-49D1-A1F0-9A249F4D6F46}.Debug|Any CPU.Build.0 = Debug|Any CPU
		{9AB9945A-8DDF-49D1-A1F0-9A249F4D6F46}.Release|Any CPU.ActiveCfg = Release|Any CPU
		{9AB9945A-8DDF-49D1-A1F0-9A249F4D6F46}.Release|Any CPU.Build.0 = Release|Any CPU
	EndGlobalSection
	GlobalSection(SolutionProperties) = preSolution
		HideSolutionNode = FALSE
	EndGlobalSection
	GlobalSection(ExtensibilityGlobals) = postSolution
		SolutionGuid = {0A96B22F-2473-4E98-8983-48D3134E6002}
	EndGlobalSection
EndGlobal
